<Solution>
  <Project Path="Assembly-CSharp-firstpass.csproj" />
  <Project Path="Assembly-CSharp.csproj" />
  <Project Path="Unity.RenderPipelines.Core.Samples.Runtime.csproj" />
  <Project Path="Unity.ProBuilder.Examples.csproj" />
  <Project Path="Unity.ProBuilder.Examples.Editor.csproj" />
  <Project Path="Unity.RenderPipelines.Core.Samples.Editor.csproj" />
  <Project Path="SampleAssembly.csproj" />
</Solution>
